
Microsoft Visual Studio Solution File, Format Version 12.00
# Visual Studio Version 16
VisualStudioVersion = 16.0.31702.278
MinimumVisualStudioVersion = 10.0.40219.1
Project("{FAE04EC0-301F-11D3-BF4B-00C04F79EFBC}") = "Grupp 33", "Grupp 33.csproj", "{6852D936-3D3C-4534-BE2C-DFB83545C74F}"
EndProject
Project("{FAE04EC0-301F-11D3-BF4B-00C04F79EFBC}") = "DAL", "..\DAL\DAL.csproj", "{B379BABE-EC8C-46C9-9985-BA32D3ADC273}"
EndProject
Project("{FAE04EC0-301F-11D3-BF4B-00C04F79EFBC}") = "BLL", "..\BLL\BLL.csproj", "{5F7FDB5D-ED9F-468A-ABF2-8759E18E2314}"
EndProject
Project("{FAE04EC0-301F-11D3-BF4B-00C04F79EFBC}") = "MODELS", "..\MODELS\MODELS.csproj", "{4CC6C4D9-CD71-4595-8F52-6AF99F6927B2}"
EndProject
Project("{2150E333-8FDC-42A3-9474-1A3956D46DE8}") = "Xml", "Xml", "{A71B0E87-BFF9-4A59-8124-2DF9CDF368C1}"
EndProject
Global
	GlobalSection(SolutionConfigurationPlatforms) = preSolution
		Debug|Any CPU = Debug|Any CPU
		Release|Any CPU = Release|Any CPU
	EndGlobalSection
	GlobalSection(ProjectConfigurationPlatforms) = postSolution
		{6852D936-3D3C-4534-BE2C-DFB83545C74F}.Debug|Any CPU.ActiveCfg = Debug|Any CPU
		{6852D936-3D3C-4534-BE2C-DFB83545C74F}.Debug|Any CPU.Build.0 = Debug|Any CPU
		{6852D936-3D3C-4534-BE2C-DFB83545C74F}.Release|Any CPU.ActiveCfg = Release|Any CPU
		{6852D936-3D3C-4534-BE2C-DFB83545C74F}.Release|Any CPU.Build.0 = Release|Any CPU
		{B379BABE-EC8C-46C9-9985-BA32D3ADC273}.Debug|Any CPU.ActiveCfg = Debug|Any CPU
		{B379BABE-EC8C-46C9-9985-BA32D3ADC273}.Debug|Any CPU.Build.0 = Debug|Any CPU
		{B379BABE-EC8C-46C9-9985-BA32D3ADC273}.Release|Any CPU.ActiveCfg = Release|Any CPU
		{B379BABE-EC8C-46C9-9985-BA32D3ADC273}.Release|Any CPU.Build.0 = Release|Any CPU
		{5F7FDB5D-ED9F-468A-ABF2-8759E18E2314}.Debug|Any CPU.ActiveCfg = Debug|Any CPU
		{5F7FDB5D-ED9F-468A-ABF2-8759E18E2314}.Debug|Any CPU.Build.0 = Debug|Any CPU
		{5F7FDB5D-ED9F-468A-ABF2-8759E18E2314}.Release|Any CPU.ActiveCfg = Release|Any CPU
		{5F7FDB5D-ED9F-468A-ABF2-8759E18E2314}.Release|Any CPU.Build.0 = Release|Any CPU
		{4CC6C4D9-CD71-4595-8F52-6AF99F6927B2}.Debug|Any CPU.ActiveCfg = Debug|Any CPU
		{4CC6C4D9-CD71-4595-8F52-6AF99F6927B2}.Debug|Any CPU.Build.0 = Debug|Any CPU
		{4CC6C4D9-CD71-4595-8F52-6AF99F6927B2}.Release|Any CPU.ActiveCfg = Release|Any CPU
		{4CC6C4D9-CD71-4595-8F52-6AF99F6927B2}.Release|Any CPU.Build.0 = Release|Any CPU
	EndGlobalSection
	GlobalSection(SolutionProperties) = preSolution
		HideSolutionNode = FALSE
	EndGlobalSection
	GlobalSection(ExtensibilityGlobals) = postSolution
		SolutionGuid = {B9E0EA89-6938-476E-9991-4E5971721147}
	EndGlobalSection
EndGlobal
